
Microsoft Visual Studio Solution File, Format Version 12.00
# Visual Studio Version 17
VisualStudioVersion = 17.11.35312.102
MinimumVisualStudioVersion = 10.0.40219.1
Project("{FAE04EC0-301F-11D3-BF4B-00C04F79EFBC}") = "yazlab3", "yazlab3\yazlab3.csproj", "{CF0C1759-2D5F-4F5E-A35A-954A20DCC404}"
EndProject
Global
	GlobalSection(SolutionConfigurationPlatforms) = preSolution
		Debug|Any CPU = Debug|Any CPU
		Release|Any CPU = Release|Any CPU
	EndGlobalSection
	GlobalSection(ProjectConfigurationPlatforms) = postSolution
		{CF0C1759-2D5F-4F5E-A35A-954A20DCC404}.Debug|Any CPU.ActiveCfg = Debug|Any CPU
		{CF0C1759-2D5F-4F5E-A35A-954A20DCC404}.Debug|Any CPU.Build.0 = Debug|Any CPU
		{CF0C1759-2D5F-4F5E-A35A-954A20DCC404}.Release|Any CPU.ActiveCfg = Release|Any CPU
		{CF0C1759-2D5F-4F5E-A35A-954A20DCC404}.Release|Any CPU.Build.0 = Release|Any CPU
	EndGlobalSection
	GlobalSection(SolutionProperties) = preSolution
		HideSolutionNode = FALSE
	EndGlobalSection
	GlobalSection(ExtensibilityGlobals) = postSolution
		SolutionGuid = {47496187-5682-4372-BB19-3AFDF0D0E2A3}
	EndGlobalSection
EndGlobal
